// !$*UTF8*$!
{
	archiveVersion = 1;
	classes = {
	};
	objectVersion = 46;
	objects = {

/* Begin PBXBuildFile section */
		88A40AD21AA1802800C2EB24 /* main.m in Sources */ = {isa = PBXBuildFile; fileRef = 88A40AD11AA1802800C2EB24 /* main.m */; };
		88A40AD51AA1802800C2EB24 /* AppDelegate.m in Sources */ = {isa = PBXBuildFile; fileRef = 88A40AD41AA1802800C2EB24 /* AppDelegate.m */; };
		88A40AD81AA1802800C2EB24 /* ViewController.m in Sources */ = {isa = PBXBuildFile; fileRef = 88A40AD71AA1802800C2EB24 /* ViewController.m */; };
		88A40ADB1AA1802800C2EB24 /* Main.storyboard in Resources */ = {isa = PBXBuildFile; fileRef = 88A40AD91AA1802800C2EB24 /* Main.storyboard */; };
		88A40ADD1AA1802800C2EB24 /* Images.xcassets in Resources */ = {isa = PBXBuildFile; fileRef = 88A40ADC1AA1802800C2EB24 /* Images.xcassets */; };
		88A40AE01AA1802800C2EB24 /* LaunchScreen.xib in Resources */ = {isa = PBXBuildFile; fileRef = 88A40ADE1AA1802800C2EB24 /* LaunchScreen.xib */; };
		88A40AEC1AA1802800C2EB24 /* Foundation01Tests.m in Sources */ = {isa = PBXBuildFile; fileRef = 88A40AEB1AA1802800C2EB24 /* Foundation01Tests.m */; };
/* End PBXBuildFile section */

/* Begin PBXContainerItemProxy section */
		88A40AE61AA1802800C2EB24 /* PBXContainerItemProxy */ = {
			isa = PBXContainerItemProxy;
			containerPortal = 88A40AC41AA1802800C2EB24 /* Project object */;
			proxyType = 1;
			remoteGlobalIDString = 88A40ACB1AA1802800C2EB24;
			remoteInfo = Foundation01;
		};
/* End PBXContainerItemProxy section */

/* Begin PBXFileReference section */
		88A40ACC1AA1802800C2EB24 /* Foundation01.app */ = {isa = PBXFileReference; explicitFileType = wrapper.application; includeInIndex = 0; path = Foundation01.app; sourceTree = BUILT_PRODUCTS_DIR; };
		88A40AD01AA1802800C2EB24 /* Info.plist */ = {isa = PBXFileReference; lastKnownFileType = text.plist.xml; path = Info.plist; sourceTree = "<group>"; };
		88A40AD11AA1802800C2EB24 /* main.m */ = {isa = PBXFileReference; lastKnownFileType = sourcecode.c.objc; path = main.m; sourceTree = "<group>"; };
		88A40AD31AA1802800C2EB24 /* AppDelegate.h */ = {isa = PBXFileReference; lastKnownFileType = sourcecode.c.h; path = AppDelegate.h; sourceTree = "<group>"; };
		88A40AD41AA1802800C2EB24 /* AppDelegate.m */ = {isa = PBXFileReference; lastKnownFileType = sourcecode.c.objc; path = AppDelegate.m; sourceTree = "<group>"; };
		88A40AD61AA1802800C2EB24 /* ViewController.h */ = {isa = PBXFileReference; lastKnownFileType = sourcecode.c.h; path = ViewController.h; sourceTree = "<group>"; };
		88A40AD71AA1802800C2EB24 /* ViewController.m */ = {isa = PBXFileReference; lastKnownFileType = sourcecode.c.objc; path = ViewController.m; sourceTree = "<group>"; };
		88A40ADA1AA1802800C2EB24 /* Base */ = {isa = PBXFileReference; lastKnownFileType = file.storyboard; name = Base; path = Base.lproj/Main.storyboard; sourceTree = "<group>"; };
		88A40ADC1AA1802800C2EB24 /* Images.xcassets */ = {isa = PBXFileReference; lastKnownFileType = folder.assetcatalog; path = Images.xcassets; sourceTree = "<group>"; };
		88A40ADF1AA1802800C2EB24 /* Base */ = {isa = PBXFileReference; lastKnownFileType = file.xib; name = Base; path = Base.lproj/LaunchScreen.xib; sourceTree = "<group>"; };
		88A40AE51AA1802800C2EB24 /* Foundation01Tests.xctest */ = {isa = PBXFileReference; explicitFileType = wrapper.cfbundle; includeInIndex = 0; path = Foundation01Tests.xctest; sourceTree = BUILT_PRODUCTS_DIR; };
		88A40AEA1AA1802800C2EB24 /* Info.plist */ = {isa = PBXFileReference; lastKnownFileType = text.plist.xml; path = Info.plist; sourceTree = "<group>"; };
		88A40AEB1AA1802800C2EB24 /* Foundation01Tests.m */ = {isa = PBXFileReference; lastKnownFileType = sourcecode.c.objc; path = Foundation01Tests.m; sourceTree = "<group>"; };
/* End PBXFileReference section */

/* Begin PBXFrameworksBuildPhase section */
		88A40AC91AA1802800C2EB24 /* Frameworks */ = {
			isa = PBXFrameworksBuildPhase;
			buildActionMask = 2147483647;
			files = (
			);
			runOnlyForDeploymentPostprocessing = 0;
		};
		88A40AE21AA1802800C2EB24 /* Frameworks */ = {
			isa = PBXFrameworksBuildPhase;
			buildActionMask = 2147483647;
			files = (
			);
			runOnlyForDeploymentPostprocessing = 0;
		};
/* End PBXFrameworksBuildPhase section */

/* Begin PBXGroup section */
		88A40AC31AA1802800C2EB24 = {
			isa = PBXGroup;
			children = (
				88A40ACE1AA1802800C2EB24 /* Foundation01 */,
				88A40AE81AA1802800C2EB24 /* Foundation01Tests */,
				88A40ACD1AA1802800C2EB24 /* Products */,
			);
			sourceTree = "<group>";
		};
		88A40ACD1AA1802800C2EB24 /* Products */ = {
			isa = PBXGroup;
			children = (
				88A40ACC1AA1802800C2EB24 /* Foundation01.app */,
				88A40AE51AA1802800C2EB24 /* Foundation01Tests.xctest */,
			);
			name = Products;
			sourceTree = "<group>";
		};
		88A40ACE1AA1802800C2EB24 /* Foundation01 */ = {
			isa = PBXGroup;
			children = (
				88A40AD31AA1802800C2EB24 /* AppDelegate.h */,
				88A40AD41AA1802800C2EB24 /* AppDelegate.m */,
				88A40AD61AA1802800C2EB24 /* ViewController.h */,
				88A40AD71AA1802800C2EB24 /* ViewController.m */,
				88A40AD91AA1802800C2EB24 /* Main.storyboard */,
				88A40ADC1AA1802800C2EB24 /* Images.xcassets */,
				88A40ADE1AA1802800C2EB24 /* LaunchScreen.xib */,
				88A40ACF1AA1802800C2EB24 /* Supporting Files */,
			);
			path = Foundation01;
			sourceTree = "<group>";
		};
		88A40ACF1AA1802800C2EB24 /* Supporting Files */ = {
			isa = PBXGroup;
			children = (
				88A40AD01AA1802800C2EB24 /* Info.plist */,
				88A40AD11AA1802800C2EB24 /* main.m */,
			);
			name = "Supporting Files";
			sourceTree = "<group>";
		};
		88A40AE81AA1802800C2EB24 /* Foundation01Tests */ = {
			isa = PBXGroup;
			children = (
				88A40AEB1AA1802800C2EB24 /* Foundation01Tests.m */,
				88A40AE91AA1802800C2EB24 /* Supporting Files */,
			);
			path = Foundation01Tests;
			sourceTree = "<group>";
		};
		88A40AE91AA1802800C2EB24 /* Supporting Files */ = {
			isa = PBXGroup;
			children = (
				88A40AEA1AA1802800C2EB24 /* Info.plist */,
			);
			name = "Supporting Files";
			sourceTree = "<group>";
		};
/* End PBXGroup section */

/* Begin PBXNativeTarget section */
		88A40ACB1AA1802800C2EB24 /* Foundation01 */ = {
			isa = PBXNativeTarget;
			buildConfigurationList = 88A40AEF1AA1802800C2EB24 /* Build configuration list for PBXNativeTarget "Foundation01" */;
			buildPhases = (
				88A40AC81AA1802800C2EB24 /* Sources */,
				88A40AC91AA1802800C2EB24 /* Frameworks */,
				88A40ACA1AA1802800C2EB24 /* Resources */,
			);
			buildRules = (
			);
			dependencies = (
			);
			name = Foundation01;
			productName = Foundation01;
			productReference = 88A40ACC1AA1802800C2EB24 /* Foundation01.app */;
			productType = "com.apple.product-type.application";
		};
		88A40AE41AA1802800C2EB24 /* Foundation01Tests */ = {
			isa = PBXNativeTarget;
			buildConfigurationList = 88A40AF21AA1802800C2EB24 /* Build configuration list for PBXNativeTarget "Foundation01Tests" */;
			buildPhases = (
				88A40AE11AA1802800C2EB24 /* Sources */,
				88A40AE21AA1802800C2EB24 /* Frameworks */,
				88A40AE31AA1802800C2EB24 /* Resources */,
			);
			buildRules = (
			);
			dependencies = (
				88A40AE71AA1802800C2EB24 /* PBXTargetDependency */,
			);
			name = Foundation01Tests;
			productName = Foundation01Tests;
			productReference = 88A40AE51AA1802800C2EB24 /* Foundation01Tests.xctest */;
			productType = "com.apple.product-type.bundle.unit-test";
		};
/* End PBXNativeTarget section */

/* Begin PBXProject section */
		88A40AC41AA1802800C2EB24 /* Project object */ = {
			isa = PBXProject;
			attributes = {
				LastUpgradeCheck = 0610;
				ORGANIZATIONNAME = "Meiji University";
				TargetAttributes = {
					88A40ACB1AA1802800C2EB24 = {
						CreatedOnToolsVersion = 6.1.1;
					};
					88A40AE41AA1802800C2EB24 = {
						CreatedOnToolsVersion = 6.1.1;
						TestTargetID = 88A40ACB1AA1802800C2EB24;
					};
				};
			};
			buildConfigurationList = 88A40AC71AA1802800C2EB24 /* Build configuration list for PBXProject "Foundation01" */;
			compatibilityVersion = "Xcode 3.2";
			developmentRegion = English;
			hasScannedForEncodings = 0;
			knownRegions = (
				en,
				Base,
			);
			mainGroup = 88A40AC31AA1802800C2EB24;
			productRefGroup = 88A40ACD1AA1802800C2EB24 /* Products */;
			projectDirPath = "";
			projectRoot = "";
			targets = (
				88A40ACB1AA1802800C2EB24 /* Foundation01 */,
				88A40AE41AA1802800C2EB24 /* Foundation01Tests */,
			);
		};
/* End PBXProject section */

/* Begin PBXResourcesBuildPhase section */
		88A40ACA1AA1802800C2EB24 /* Resources */ = {
			isa = PBXResourcesBuildPhase;
			buildActionMask = 2147483647;
			files = (
				88A40ADB1AA1802800C2EB24 /* Main.storyboard in Resources */,
				88A40AE01AA1802800C2EB24 /* LaunchScreen.xib in Resources */,
				88A40ADD1AA1802800C2EB24 /* Images.xcassets in Resources */,
			);
			runOnlyForDeploymentPostprocessing = 0;
		};
		88A40AE31AA1802800C2EB24 /* Resources */ = {
			isa = PBXResourcesBuildPhase;
			buildActionMask = 2147483647;
			files = (
			);
			runOnlyForDeploymentPostprocessing = 0;
		};
/* End PBXResourcesBuildPhase section */

/* Begin PBXSourcesBuildPhase section */
		88A40AC81AA1802800C2EB24 /* Sources */ = {
			isa = PBXSourcesBuildPhase;
			buildActionMask = 2147483647;
			files = (
				88A40AD81AA1802800C2EB24 /* ViewController.m in Sources */,
				88A40AD51AA1802800C2EB24 /* AppDelegate.m in Sources */,
				88A40AD21AA1802800C2EB24 /* main.m in Sources */,
			);
			runOnlyForDeploymentPostprocessing = 0;
		};
		88A40AE11AA1802800C2EB24 /* Sources */ = {
			isa = PBXSourcesBuildPhase;
			buildActionMask = 2147483647;
			files = (
				88A40AEC1AA1802800C2EB24 /* Foundation01Tests.m in Sources */,
			);
			runOnlyForDeploymentPostprocessing = 0;
		};
/* End PBXSourcesBuildPhase section */

/* Begin PBXTargetDependency section */
		88A40AE71AA1802800C2EB24 /* PBXTargetDependency */ = {
			isa = PBXTargetDependency;
			target = 88A40ACB1AA1802800C2EB24 /* Foundation01 */;
			targetProxy = 88A40AE61AA1802800C2EB24 /* PBXContainerItemProxy */;
		};
/* End PBXTargetDependency section */

/* Begin PBXVariantGroup section */
		88A40AD91AA1802800C2EB24 /* Main.storyboard */ = {
			isa = PBXVariantGroup;
			children = (
				88A40ADA1AA1802800C2EB24 /* Base */,
			);
			name = Main.storyboard;
			sourceTree = "<group>";
		};
		88A40ADE1AA1802800C2EB24 /* LaunchScreen.xib */ = {
			isa = PBXVariantGroup;
			children = (
				88A40ADF1AA1802800C2EB24 /* Base */,
			);
			name = LaunchScreen.xib;
			sourceTree = "<group>";
		};
/* End PBXVariantGroup section */

/* Begin XCBuildConfiguration section */
		88A40AED1AA1802800C2EB24 /* Debug */ = {
			isa = XCBuildConfiguration;
			buildSettings = {
				ALWAYS_SEARCH_USER_PATHS = NO;
				CLANG_CXX_LANGUAGE_STANDARD = "gnu++0x";
				CLANG_CXX_LIBRARY = "libc++";
				CLANG_ENABLE_MODULES = YES;
				CLANG_ENABLE_OBJC_ARC = YES;
				CLANG_WARN_BOOL_CONVERSION = YES;
				CLANG_WARN_CONSTANT_CONVERSION = YES;
				CLANG_WARN_DIRECT_OBJC_ISA_USAGE = YES_ERROR;
				CLANG_WARN_EMPTY_BODY = YES;
				CLANG_WARN_ENUM_CONVERSION = YES;
				CLANG_WARN_INT_CONVERSION = YES;
				CLANG_WARN_OBJC_ROOT_CLASS = YES_ERROR;
				CLANG_WARN_UNREACHABLE_CODE = YES;
				CLANG_WARN__DUPLICATE_METHOD_MATCH = YES;
				"CODE_SIGN_IDENTITY[sdk=iphoneos*]" = "iPhone Developer";
				COPY_PHASE_STRIP = NO;
				ENABLE_STRICT_OBJC_MSGSEND = YES;
				GCC_C_LANGUAGE_STANDARD = gnu99;
				GCC_DYNAMIC_NO_PIC = NO;
				GCC_OPTIMIZATION_LEVEL = 0;
				GCC_PREPROCESSOR_DEFINITIONS = (
					"DEBUG=1",
					"$(inherited)",
				);
				GCC_SYMBOLS_PRIVATE_EXTERN = NO;
				GCC_WARN_64_TO_32_BIT_CONVERSION = YES;
				GCC_WARN_ABOUT_RETURN_TYPE = YES_ERROR;
				GCC_WARN_UNDECLARED_SELECTOR = YES;
				GCC_WARN_UNINITIALIZED_AUTOS = YES_AGGRESSIVE;
				GCC_WARN_UNUSED_FUNCTION = YES;
				GCC_WARN_UNUSED_VARIABLE = YES;
				IPHONEOS_DEPLOYMENT_TARGET = 8.1;
				MTL_ENABLE_DEBUG_INFO = YES;
				ONLY_ACTIVE_ARCH = YES;
				SDKROOT = iphoneos;
			};
			name = Debug;
		};
		88A40AEE1AA1802800C2EB24 /* Release */ = {
			isa = XCBuildConfiguration;
			buildSettings = {
				ALWAYS_SEARCH_USER_PATHS = NO;
				CLANG_CXX_LANGUAGE_STANDARD = "gnu++0x";
				CLANG_CXX_LIBRARY = "libc++";
				CLANG_ENABLE_MODULES = YES;
				CLANG_ENABLE_OBJC_ARC = YES;
				CLANG_WARN_BOOL_CONVERSION = YES;
				CLANG_WARN_CONSTANT_CONVERSION = YES;
				CLANG_WARN_DIRECT_OBJC_ISA_USAGE = YES_ERROR;
				CLANG_WARN_EMPTY_BODY = YES;
				CLANG_WARN_ENUM_CONVERSION = YES;
				CLANG_WARN_INT_CONVERSION = YES;
				CLANG_WARN_OBJC_ROOT_CLASS = YES_ERROR;
				CLANG_WARN_UNREACHABLE_CODE = YES;
				CLANG_WARN__DUPLICATE_METHOD_MATCH = YES;
				"CODE_SIGN_IDENTITY[sdk=iphoneos*]" = "iPhone Developer";
				COPY_PHASE_STRIP = YES;
				ENABLE_NS_ASSERTIONS = NO;
				ENABLE_STRICT_OBJC_MSGSEND = YES;
				GCC_C_LANGUAGE_STANDARD = gnu99;
				GCC_WARN_64_TO_32_BIT_CONVERSION = YES;
				GCC_WARN_ABOUT_RETURN_TYPE = YES_ERROR;
				GCC_WARN_UNDECLARED_SELECTOR = YES;
				GCC_WARN_UNINITIALIZED_AUTOS = YES_AGGRESSIVE;
				GCC_WARN_UNUSED_FUNCTION = YES;
				GCC_WARN_UNUSED_VARIABLE = YES;
				IPHONEOS_DEPLOYMENT_TARGET = 8.1;
				MTL_ENABLE_DEBUG_INFO = NO;
				SDKROOT = iphoneos;
				VALIDATE_PRODUCT = YES;
			};
			name = Release;
		};
		88A40AF01AA1802800C2EB24 /* Debug */ = {
			isa = XCBuildConfiguration;
			buildSettings = {
				ASSETCATALOG_COMPILER_APPICON_NAME = AppIcon;
				INFOPLIST_FILE = Foundation01/Info.plist;
				LD_RUNPATH_SEARCH_PATHS = "$(inherited) @executable_path/Frameworks";
				PRODUCT_NAME = "$(TARGET_NAME)";
			};
			name = Debug;
		};
		88A40AF11AA1802800C2EB24 /* Release */ = {
			isa = XCBuildConfiguration;
			buildSettings = {
				ASSETCATALOG_COMPILER_APPICON_NAME = AppIcon;
				INFOPLIST_FILE = Foundation01/Info.plist;
				LD_RUNPATH_SEARCH_PATHS = "$(inherited) @executable_path/Frameworks";
				PRODUCT_NAME = "$(TARGET_NAME)";
			};
			name = Release;
		};
		88A40AF31AA1802800C2EB24 /* Debug */ = {
			isa = XCBuildConfiguration;
			buildSettings = {
				BUNDLE_LOADER = "$(TEST_HOST)";
				FRAMEWORK_SEARCH_PATHS = (
					"$(SDKROOT)/Developer/Library/Frameworks",
					"$(inherited)",
				);
				GCC_PREPROCESSOR_DEFINITIONS = (
					"DEBUG=1",
					"$(inherited)",
				);
				INFOPLIST_FILE = Foundation01Tests/Info.plist;
				LD_RUNPATH_SEARCH_PATHS = "$(inherited) @executable_path/Frameworks @loader_path/Frameworks";
				PRODUCT_NAME = "$(TARGET_NAME)";
				TEST_HOST = "$(BUILT_PRODUCTS_DIR)/Foundation01.app/Foundation01";
			};
			name = Debug;
		};
		88A40AF41AA1802800C2EB24 /* Release */ = {
			isa = XCBuildConfiguration;
			buildSettings = {
				BUNDLE_LOADER = "$(TEST_HOST)";
				FRAMEWORK_SEARCH_PATHS = (
					"$(SDKROOT)/Developer/Library/Frameworks",
					"$(inherited)",
				);
				INFOPLIST_FILE = Foundation01Tests/Info.plist;
				LD_RUNPATH_SEARCH_PATHS = "$(inherited) @executable_path/Frameworks @loader_path/Frameworks";
				PRODUCT_NAME = "$(TARGET_NAME)";
				TEST_HOST = "$(BUILT_PRODUCTS_DIR)/Foundation01.app/Foundation01";
			};
			name = Release;
		};
/* End XCBuildConfiguration section */

/* Begin XCConfigurationList section */
		88A40AC71AA1802800C2EB24 /* Build configuration list for PBXProject "Foundation01" */ = {
			isa = XCConfigurationList;
			buildConfigurations = (
				88A40AED1AA1802800C2EB24 /* Debug */,
				88A40AEE1AA1802800C2EB24 /* Release */,
			);
			defaultConfigurationIsVisible = 0;
			defaultConfigurationName = Release;
		};
		88A40AEF1AA1802800C2EB24 /* Build configuration list for PBXNativeTarget "Foundation01" */ = {
			isa = XCConfigurationList;
			buildConfigurations = (
				88A40AF01AA1802800C2EB24 /* Debug */,
				88A40AF11AA1802800C2EB24 /* Release */,
			);
			defaultConfigurationIsVisible = 0;
		};
		88A40AF21AA1802800C2EB24 /* Build configuration list for PBXNativeTarget "Foundation01Tests" */ = {
			isa = XCConfigurationList;
			buildConfigurations = (
				88A40AF31AA1802800C2EB24 /* Debug */,
				88A40AF41AA1802800C2EB24 /* Release */,
			);
			defaultConfigurationIsVisible = 0;
		};
/* End XCConfigurationList section */
	};
	rootObject = 88A40AC41AA1802800C2EB24 /* Project object */;
}
